
Microsoft Visual Studio Solution File, Format Version 12.00
# Visual Studio 15
VisualStudioVersion = 15.0.27703.2026
MinimumVisualStudioVersion = 10.0.40219.1
Project("{FAE04EC0-301F-11D3-BF4B-00C04F79EFBC}") = "Pkmn Discordia Bot", "Pkmn Discordia Bot\Pkmn Discordia Bot.csproj", "{8808F1EF-3477-4B75-915A-51B3B9AEB3CD}"
EndProject
Global
	GlobalSection(SolutionConfigurationPlatforms) = preSolution
		Debug|Any CPU = Debug|Any CPU
		Release|Any CPU = Release|Any CPU
	EndGlobalSection
	GlobalSection(ProjectConfigurationPlatforms) = postSolution
		{8808F1EF-3477-4B75-915A-51B3B9AEB3CD}.Debug|Any CPU.ActiveCfg = Debug|Any CPU
		{8808F1EF-3477-4B75-915A-51B3B9AEB3CD}.Debug|Any CPU.Build.0 = Debug|Any CPU
		{8808F1EF-3477-4B75-915A-51B3B9AEB3CD}.Release|Any CPU.ActiveCfg = Release|Any CPU
		{8808F1EF-3477-4B75-915A-51B3B9AEB3CD}.Release|Any CPU.Build.0 = Release|Any CPU
	EndGlobalSection
	GlobalSection(SolutionProperties) = preSolution
		HideSolutionNode = FALSE
	EndGlobalSection
	GlobalSection(ExtensibilityGlobals) = postSolution
		SolutionGuid = {7535D48B-9545-4D4C-8ED2-A0E2F74DA43A}
	EndGlobalSection
EndGlobal
